
Microsoft Visual Studio Solution File, Format Version 12.00
# Visual Studio Version 17
VisualStudioVersion = 17.7.34018.315
MinimumVisualStudioVersion = 10.0.40219.1
Project("{FAE04EC0-301F-11D3-BF4B-00C04F79EFBC}") = "RazorPagesMovie", "RazorPagesMovie\RazorPagesMovie.csproj", "{AAAA7E66-6138-4276-A426-858D96B210EB}"
EndProject
Global
	GlobalSection(SolutionConfigurationPlatforms) = preSolution
		Debug|Any CPU = Debug|Any CPU
		Release|Any CPU = Release|Any CPU
	EndGlobalSection
	GlobalSection(ProjectConfigurationPlatforms) = postSolution
		{AAAA7E66-6138-4276-A426-858D96B210EB}.Debug|Any CPU.ActiveCfg = Debug|Any CPU
		{AAAA7E66-6138-4276-A426-858D96B210EB}.Debug|Any CPU.Build.0 = Debug|Any CPU
		{AAAA7E66-6138-4276-A426-858D96B210EB}.Release|Any CPU.ActiveCfg = Release|Any CPU
		{AAAA7E66-6138-4276-A426-858D96B210EB}.Release|Any CPU.Build.0 = Release|Any CPU
	EndGlobalSection
	GlobalSection(SolutionProperties) = preSolution
		HideSolutionNode = FALSE
	EndGlobalSection
	GlobalSection(ExtensibilityGlobals) = postSolution
		SolutionGuid = {6E4D7F5D-6459-4EF3-B0FE-08BB2E8DBF9E}
	EndGlobalSection
EndGlobal
